// !$*UTF8*$!
{
	archiveVersion = 1;
	classes = {
	};
	objectVersion = 56;
	objects = {

/* Begin PBXBuildFile section */
		ED0140192B3F08B300B1D717 /* CellPeculiarities.swift in Sources */ = {isa = PBXBuildFile; fileRef = ED0140182B3F08B300B1D717 /* CellPeculiarities.swift */; };
		ED01401D2B3F38A700B1D717 /* WrappingHStack.swift in Sources */ = {isa = PBXBuildFile; fileRef = ED01401C2B3F38A700B1D717 /* WrappingHStack.swift */; };
		ED0140222B3F4A0B00B1D717 /* CellHotelAbout.swift in Sources */ = {isa = PBXBuildFile; fileRef = ED0140212B3F4A0B00B1D717 /* CellHotelAbout.swift */; };
		ED18F2932B39F76E00FB1D35 /* RoomView.swift in Sources */ = {isa = PBXBuildFile; fileRef = ED18F2922B39F76E00FB1D35 /* RoomView.swift */; };
		ED18F2952B39F79100FB1D35 /* BookingView.swift in Sources */ = {isa = PBXBuildFile; fileRef = ED18F2942B39F79100FB1D35 /* BookingView.swift */; };
		ED18F2972B39F7B200FB1D35 /* ConfirmView.swift in Sources */ = {isa = PBXBuildFile; fileRef = ED18F2962B39F7B200FB1D35 /* ConfirmView.swift */; };
		ED18F2992B39FAA400FB1D35 /* CoordinatorView.swift in Sources */ = {isa = PBXBuildFile; fileRef = ED18F2982B39FAA400FB1D35 /* CoordinatorView.swift */; };
		ED18F2A02B3A110200FB1D35 /* ImageView.swift in Sources */ = {isa = PBXBuildFile; fileRef = ED18F29F2B3A110200FB1D35 /* ImageView.swift */; };
		ED18F2A32B3A11F800FB1D35 /* ImageModel.swift in Sources */ = {isa = PBXBuildFile; fileRef = ED18F2A22B3A11F800FB1D35 /* ImageModel.swift */; };
		ED2036D72B38A0130022BD25 /* h_taskApp.swift in Sources */ = {isa = PBXBuildFile; fileRef = ED2036D62B38A0130022BD25 /* h_taskApp.swift */; };
		ED2036D92B38A0130022BD25 /* HotelView.swift in Sources */ = {isa = PBXBuildFile; fileRef = ED2036D82B38A0130022BD25 /* HotelView.swift */; };
		ED2036DB2B38A0160022BD25 /* Assets.xcassets in Resources */ = {isa = PBXBuildFile; fileRef = ED2036DA2B38A0160022BD25 /* Assets.xcassets */; };
		ED2036DE2B38A0160022BD25 /* Preview Assets.xcassets in Resources */ = {isa = PBXBuildFile; fileRef = ED2036DD2B38A0160022BD25 /* Preview Assets.xcassets */; };
		ED2036E52B38B21E0022BD25 /* AppCoordinator.swift in Sources */ = {isa = PBXBuildFile; fileRef = ED2036E42B38B21E0022BD25 /* AppCoordinator.swift */; };
		ED2036E72B38B3790022BD25 /* HotelViewModel.swift in Sources */ = {isa = PBXBuildFile; fileRef = ED2036E62B38B3790022BD25 /* HotelViewModel.swift */; };
		ED33C7912B3B4B680043C939 /* HotelModel.swift in Sources */ = {isa = PBXBuildFile; fileRef = ED33C7902B3B4B680043C939 /* HotelModel.swift */; };
		ED33C7962B3B4CF50043C939 /* NetworkService.swift in Sources */ = {isa = PBXBuildFile; fileRef = ED33C7952B3B4CF50043C939 /* NetworkService.swift */; };
		ED5C22622B3A876000FB10FC /* ImageCachingService.swift in Sources */ = {isa = PBXBuildFile; fileRef = ED5C22612B3A876000FB10FC /* ImageCachingService.swift */; };
/* End PBXBuildFile section */

/* Begin PBXFileReference section */
		ED0140182B3F08B300B1D717 /* CellPeculiarities.swift */ = {isa = PBXFileReference; lastKnownFileType = sourcecode.swift; path = CellPeculiarities.swift; sourceTree = "<group>"; };
		ED01401C2B3F38A700B1D717 /* WrappingHStack.swift */ = {isa = PBXFileReference; lastKnownFileType = sourcecode.swift; path = WrappingHStack.swift; sourceTree = "<group>"; };
		ED0140212B3F4A0B00B1D717 /* CellHotelAbout.swift */ = {isa = PBXFileReference; lastKnownFileType = sourcecode.swift; path = CellHotelAbout.swift; sourceTree = "<group>"; };
		ED18F2922B39F76E00FB1D35 /* RoomView.swift */ = {isa = PBXFileReference; lastKnownFileType = sourcecode.swift; path = RoomView.swift; sourceTree = "<group>"; };
		ED18F2942B39F79100FB1D35 /* BookingView.swift */ = {isa = PBXFileReference; lastKnownFileType = sourcecode.swift; path = BookingView.swift; sourceTree = "<group>"; };
		ED18F2962B39F7B200FB1D35 /* ConfirmView.swift */ = {isa = PBXFileReference; lastKnownFileType = sourcecode.swift; path = ConfirmView.swift; sourceTree = "<group>"; };
		ED18F2982B39FAA400FB1D35 /* CoordinatorView.swift */ = {isa = PBXFileReference; lastKnownFileType = sourcecode.swift; path = CoordinatorView.swift; sourceTree = "<group>"; };
		ED18F29F2B3A110200FB1D35 /* ImageView.swift */ = {isa = PBXFileReference; lastKnownFileType = sourcecode.swift; path = ImageView.swift; sourceTree = "<group>"; };
		ED18F2A22B3A11F800FB1D35 /* ImageModel.swift */ = {isa = PBXFileReference; lastKnownFileType = sourcecode.swift; path = ImageModel.swift; sourceTree = "<group>"; };
		ED2036D32B38A0130022BD25 /* h_task.app */ = {isa = PBXFileReference; explicitFileType = wrapper.application; includeInIndex = 0; path = h_task.app; sourceTree = BUILT_PRODUCTS_DIR; };
		ED2036D62B38A0130022BD25 /* h_taskApp.swift */ = {isa = PBXFileReference; lastKnownFileType = sourcecode.swift; path = h_taskApp.swift; sourceTree = "<group>"; };
		ED2036D82B38A0130022BD25 /* HotelView.swift */ = {isa = PBXFileReference; lastKnownFileType = sourcecode.swift; path = HotelView.swift; sourceTree = "<group>"; };
		ED2036DA2B38A0160022BD25 /* Assets.xcassets */ = {isa = PBXFileReference; lastKnownFileType = folder.assetcatalog; path = Assets.xcassets; sourceTree = "<group>"; };
		ED2036DD2B38A0160022BD25 /* Preview Assets.xcassets */ = {isa = PBXFileReference; lastKnownFileType = folder.assetcatalog; path = "Preview Assets.xcassets"; sourceTree = "<group>"; };
		ED2036E42B38B21E0022BD25 /* AppCoordinator.swift */ = {isa = PBXFileReference; lastKnownFileType = sourcecode.swift; path = AppCoordinator.swift; sourceTree = "<group>"; };
		ED2036E62B38B3790022BD25 /* HotelViewModel.swift */ = {isa = PBXFileReference; lastKnownFileType = sourcecode.swift; path = HotelViewModel.swift; sourceTree = "<group>"; };
		ED33C7902B3B4B680043C939 /* HotelModel.swift */ = {isa = PBXFileReference; lastKnownFileType = sourcecode.swift; path = HotelModel.swift; sourceTree = "<group>"; };
		ED33C7952B3B4CF50043C939 /* NetworkService.swift */ = {isa = PBXFileReference; lastKnownFileType = sourcecode.swift; path = NetworkService.swift; sourceTree = "<group>"; };
		ED5C22612B3A876000FB10FC /* ImageCachingService.swift */ = {isa = PBXFileReference; lastKnownFileType = sourcecode.swift; path = ImageCachingService.swift; sourceTree = "<group>"; };
/* End PBXFileReference section */

/* Begin PBXFrameworksBuildPhase section */
		ED2036D02B38A0130022BD25 /* Frameworks */ = {
			isa = PBXFrameworksBuildPhase;
			buildActionMask = 2147483647;
			files = (
			);
			runOnlyForDeploymentPostprocessing = 0;
		};
/* End PBXFrameworksBuildPhase section */

/* Begin PBXGroup section */
		ED0140172B3F086000B1D717 /* Cells */ = {
			isa = PBXGroup;
			children = (
				ED0140182B3F08B300B1D717 /* CellPeculiarities.swift */,
				ED0140212B3F4A0B00B1D717 /* CellHotelAbout.swift */,
			);
			path = Cells;
			sourceTree = "<group>";
		};
		ED01401E2B3F395400B1D717 /* Extensions */ = {
			isa = PBXGroup;
			children = (
				ED01401C2B3F38A700B1D717 /* WrappingHStack.swift */,
			);
			path = Extensions;
			sourceTree = "<group>";
		};
		ED18F29A2B3A103100FB1D35 /* View */ = {
			isa = PBXGroup;
			children = (
				ED18F2942B39F79100FB1D35 /* BookingView.swift */,
				ED18F2962B39F7B200FB1D35 /* ConfirmView.swift */,
				ED18F2982B39FAA400FB1D35 /* CoordinatorView.swift */,
				ED2036D82B38A0130022BD25 /* HotelView.swift */,
				ED18F2922B39F76E00FB1D35 /* RoomView.swift */,
				ED18F29F2B3A110200FB1D35 /* ImageView.swift */,
			);
			path = View;
			sourceTree = "<group>";
		};
		ED18F29B2B3A106700FB1D35 /* ViewModel */ = {
			isa = PBXGroup;
			children = (
				ED2036E62B38B3790022BD25 /* HotelViewModel.swift */,
			);
			path = ViewModel;
			sourceTree = "<group>";
		};
		ED18F29C2B3A107A00FB1D35 /* Service */ = {
			isa = PBXGroup;
			children = (
				ED2036E42B38B21E0022BD25 /* AppCoordinator.swift */,
				ED5C22612B3A876000FB10FC /* ImageCachingService.swift */,
				ED33C7952B3B4CF50043C939 /* NetworkService.swift */,
			);
			path = Service;
			sourceTree = "<group>";
		};
		ED18F2A12B3A11EC00FB1D35 /* Model */ = {
			isa = PBXGroup;
			children = (
				ED18F2A22B3A11F800FB1D35 /* ImageModel.swift */,
				ED33C7902B3B4B680043C939 /* HotelModel.swift */,
			);
			path = Model;
			sourceTree = "<group>";
		};
		ED2036CA2B38A0130022BD25 = {
			isa = PBXGroup;
			children = (
				ED2036D52B38A0130022BD25 /* h_task */,
				ED2036D42B38A0130022BD25 /* Products */,
			);
			sourceTree = "<group>";
		};
		ED2036D42B38A0130022BD25 /* Products */ = {
			isa = PBXGroup;
			children = (
				ED2036D32B38A0130022BD25 /* h_task.app */,
			);
			name = Products;
			sourceTree = "<group>";
		};
		ED2036D52B38A0130022BD25 /* h_task */ = {
			isa = PBXGroup;
			children = (
				ED2036D62B38A0130022BD25 /* h_taskApp.swift */,
				ED0140172B3F086000B1D717 /* Cells */,
				ED01401E2B3F395400B1D717 /* Extensions */,
				ED18F2A12B3A11EC00FB1D35 /* Model */,
				ED18F29C2B3A107A00FB1D35 /* Service */,
				ED18F29B2B3A106700FB1D35 /* ViewModel */,
				ED18F29A2B3A103100FB1D35 /* View */,
				ED2036DA2B38A0160022BD25 /* Assets.xcassets */,
				ED2036DC2B38A0160022BD25 /* Preview Content */,
			);
			path = h_task;
			sourceTree = "<group>";
		};
		ED2036DC2B38A0160022BD25 /* Preview Content */ = {
			isa = PBXGroup;
			children = (
				ED2036DD2B38A0160022BD25 /* Preview Assets.xcassets */,
			);
			path = "Preview Content";
			sourceTree = "<group>";
		};
/* End PBXGroup section */

/* Begin PBXNativeTarget section */
		ED2036D22B38A0130022BD25 /* h_task */ = {
			isa = PBXNativeTarget;
			buildConfigurationList = ED2036E12B38A0160022BD25 /* Build configuration list for PBXNativeTarget "h_task" */;
			buildPhases = (
				ED2036CF2B38A0130022BD25 /* Sources */,
				ED2036D02B38A0130022BD25 /* Frameworks */,
				ED2036D12B38A0130022BD25 /* Resources */,
			);
			buildRules = (
			);
			dependencies = (
			);
			name = h_task;
			packageProductDependencies = (
			);
			productName = h_task;
			productReference = ED2036D32B38A0130022BD25 /* h_task.app */;
			productType = "com.apple.product-type.application";
		};
/* End PBXNativeTarget section */

/* Begin PBXProject section */
		ED2036CB2B38A0130022BD25 /* Project object */ = {
			isa = PBXProject;
			attributes = {
				BuildIndependentTargetsInParallel = 1;
				LastSwiftUpdateCheck = 1510;
				LastUpgradeCheck = 1510;
				TargetAttributes = {
					ED2036D22B38A0130022BD25 = {
						CreatedOnToolsVersion = 15.1;
					};
				};
			};
			buildConfigurationList = ED2036CE2B38A0130022BD25 /* Build configuration list for PBXProject "h_task" */;
			compatibilityVersion = "Xcode 14.0";
			developmentRegion = en;
			hasScannedForEncodings = 0;
			knownRegions = (
				en,
				Base,
			);
			mainGroup = ED2036CA2B38A0130022BD25;
			packageReferences = (
			);
			productRefGroup = ED2036D42B38A0130022BD25 /* Products */;
			projectDirPath = "";
			projectRoot = "";
			targets = (
				ED2036D22B38A0130022BD25 /* h_task */,
			);
		};
/* End PBXProject section */

/* Begin PBXResourcesBuildPhase section */
		ED2036D12B38A0130022BD25 /* Resources */ = {
			isa = PBXResourcesBuildPhase;
			buildActionMask = 2147483647;
			files = (
				ED2036DE2B38A0160022BD25 /* Preview Assets.xcassets in Resources */,
				ED2036DB2B38A0160022BD25 /* Assets.xcassets in Resources */,
			);
			runOnlyForDeploymentPostprocessing = 0;
		};
/* End PBXResourcesBuildPhase section */

/* Begin PBXSourcesBuildPhase section */
		ED2036CF2B38A0130022BD25 /* Sources */ = {
			isa = PBXSourcesBuildPhase;
			buildActionMask = 2147483647;
			files = (
				ED18F2A32B3A11F800FB1D35 /* ImageModel.swift in Sources */,
				ED33C7912B3B4B680043C939 /* HotelModel.swift in Sources */,
				ED2036D92B38A0130022BD25 /* HotelView.swift in Sources */,
				ED18F2992B39FAA400FB1D35 /* CoordinatorView.swift in Sources */,
				ED2036E72B38B3790022BD25 /* HotelViewModel.swift in Sources */,
				ED18F2952B39F79100FB1D35 /* BookingView.swift in Sources */,
				ED33C7962B3B4CF50043C939 /* NetworkService.swift in Sources */,
				ED2036D72B38A0130022BD25 /* h_taskApp.swift in Sources */,
				ED01401D2B3F38A700B1D717 /* WrappingHStack.swift in Sources */,
				ED18F2932B39F76E00FB1D35 /* RoomView.swift in Sources */,
				ED0140192B3F08B300B1D717 /* CellPeculiarities.swift in Sources */,
				ED18F2972B39F7B200FB1D35 /* ConfirmView.swift in Sources */,
				ED5C22622B3A876000FB10FC /* ImageCachingService.swift in Sources */,
				ED2036E52B38B21E0022BD25 /* AppCoordinator.swift in Sources */,
				ED0140222B3F4A0B00B1D717 /* CellHotelAbout.swift in Sources */,
				ED18F2A02B3A110200FB1D35 /* ImageView.swift in Sources */,
			);
			runOnlyForDeploymentPostprocessing = 0;
		};
/* End PBXSourcesBuildPhase section */

/* Begin XCBuildConfiguration section */
		ED2036DF2B38A0160022BD25 /* Debug */ = {
			isa = XCBuildConfiguration;
			buildSettings = {
				ALWAYS_SEARCH_USER_PATHS = NO;
				ASSETCATALOG_COMPILER_GENERATE_SWIFT_ASSET_SYMBOL_EXTENSIONS = YES;
				CLANG_ANALYZER_NONNULL = YES;
				CLANG_ANALYZER_NUMBER_OBJECT_CONVERSION = YES_AGGRESSIVE;
				CLANG_CXX_LANGUAGE_STANDARD = "gnu++20";
				CLANG_ENABLE_MODULES = YES;
				CLANG_ENABLE_OBJC_ARC = YES;
				CLANG_ENABLE_OBJC_WEAK = YES;
				CLANG_WARN_BLOCK_CAPTURE_AUTORELEASING = YES;
				CLANG_WARN_BOOL_CONVERSION = YES;
				CLANG_WARN_COMMA = YES;
				CLANG_WARN_CONSTANT_CONVERSION = YES;
				CLANG_WARN_DEPRECATED_OBJC_IMPLEMENTATIONS = YES;
				CLANG_WARN_DIRECT_OBJC_ISA_USAGE = YES_ERROR;
				CLANG_WARN_DOCUMENTATION_COMMENTS = YES;
				CLANG_WARN_EMPTY_BODY = YES;
				CLANG_WARN_ENUM_CONVERSION = YES;
				CLANG_WARN_INFINITE_RECURSION = YES;
				CLANG_WARN_INT_CONVERSION = YES;
				CLANG_WARN_NON_LITERAL_NULL_CONVERSION = YES;
				CLANG_WARN_OBJC_IMPLICIT_RETAIN_SELF = YES;
				CLANG_WARN_OBJC_LITERAL_CONVERSION = YES;
				CLANG_WARN_OBJC_ROOT_CLASS = YES_ERROR;
				CLANG_WARN_QUOTED_INCLUDE_IN_FRAMEWORK_HEADER = YES;
				CLANG_WARN_RANGE_LOOP_ANALYSIS = YES;
				CLANG_WARN_STRICT_PROTOTYPES = YES;
				CLANG_WARN_SUSPICIOUS_MOVE = YES;
				CLANG_WARN_UNGUARDED_AVAILABILITY = YES_AGGRESSIVE;
				CLANG_WARN_UNREACHABLE_CODE = YES;
				CLANG_WARN__DUPLICATE_METHOD_MATCH = YES;
				COPY_PHASE_STRIP = NO;
				DEBUG_INFORMATION_FORMAT = dwarf;
				ENABLE_STRICT_OBJC_MSGSEND = YES;
				ENABLE_TESTABILITY = YES;
				ENABLE_USER_SCRIPT_SANDBOXING = YES;
				GCC_C_LANGUAGE_STANDARD = gnu17;
				GCC_DYNAMIC_NO_PIC = NO;
				GCC_NO_COMMON_BLOCKS = YES;
				GCC_OPTIMIZATION_LEVEL = 0;
				GCC_PREPROCESSOR_DEFINITIONS = (
					"DEBUG=1",
					"$(inherited)",
				);
				GCC_WARN_64_TO_32_BIT_CONVERSION = YES;
				GCC_WARN_ABOUT_RETURN_TYPE = YES_ERROR;
				GCC_WARN_UNDECLARED_SELECTOR = YES;
				GCC_WARN_UNINITIALIZED_AUTOS = YES_AGGRESSIVE;
				GCC_WARN_UNUSED_FUNCTION = YES;
				GCC_WARN_UNUSED_VARIABLE = YES;
				IPHONEOS_DEPLOYMENT_TARGET = 17.2;
				LOCALIZATION_PREFERS_STRING_CATALOGS = YES;
				MTL_ENABLE_DEBUG_INFO = INCLUDE_SOURCE;
				MTL_FAST_MATH = YES;
				ONLY_ACTIVE_ARCH = YES;
				SDKROOT = iphoneos;
				SWIFT_ACTIVE_COMPILATION_CONDITIONS = "DEBUG $(inherited)";
				SWIFT_OPTIMIZATION_LEVEL = "-Onone";
			};
			name = Debug;
		};
		ED2036E02B38A0160022BD25 /* Release */ = {
			isa = XCBuildConfiguration;
			buildSettings = {
				ALWAYS_SEARCH_USER_PATHS = NO;
				ASSETCATALOG_COMPILER_GENERATE_SWIFT_ASSET_SYMBOL_EXTENSIONS = YES;
				CLANG_ANALYZER_NONNULL = YES;
				CLANG_ANALYZER_NUMBER_OBJECT_CONVERSION = YES_AGGRESSIVE;
				CLANG_CXX_LANGUAGE_STANDARD = "gnu++20";
				CLANG_ENABLE_MODULES = YES;
				CLANG_ENABLE_OBJC_ARC = YES;
				CLANG_ENABLE_OBJC_WEAK = YES;
				CLANG_WARN_BLOCK_CAPTURE_AUTORELEASING = YES;
				CLANG_WARN_BOOL_CONVERSION = YES;
				CLANG_WARN_COMMA = YES;
				CLANG_WARN_CONSTANT_CONVERSION = YES;
				CLANG_WARN_DEPRECATED_OBJC_IMPLEMENTATIONS = YES;
				CLANG_WARN_DIRECT_OBJC_ISA_USAGE = YES_ERROR;
				CLANG_WARN_DOCUMENTATION_COMMENTS = YES;
				CLANG_WARN_EMPTY_BODY = YES;
				CLANG_WARN_ENUM_CONVERSION = YES;
				CLANG_WARN_INFINITE_RECURSION = YES;
				CLANG_WARN_INT_CONVERSION = YES;
				CLANG_WARN_NON_LITERAL_NULL_CONVERSION = YES;
				CLANG_WARN_OBJC_IMPLICIT_RETAIN_SELF = YES;
				CLANG_WARN_OBJC_LITERAL_CONVERSION = YES;
				CLANG_WARN_OBJC_ROOT_CLASS = YES_ERROR;
				CLANG_WARN_QUOTED_INCLUDE_IN_FRAMEWORK_HEADER = YES;
				CLANG_WARN_RANGE_LOOP_ANALYSIS = YES;
				CLANG_WARN_STRICT_PROTOTYPES = YES;
				CLANG_WARN_SUSPICIOUS_MOVE = YES;
				CLANG_WARN_UNGUARDED_AVAILABILITY = YES_AGGRESSIVE;
				CLANG_WARN_UNREACHABLE_CODE = YES;
				CLANG_WARN__DUPLICATE_METHOD_MATCH = YES;
				COPY_PHASE_STRIP = NO;
				DEBUG_INFORMATION_FORMAT = "dwarf-with-dsym";
				ENABLE_NS_ASSERTIONS = NO;
				ENABLE_STRICT_OBJC_MSGSEND = YES;
				ENABLE_USER_SCRIPT_SANDBOXING = YES;
				GCC_C_LANGUAGE_STANDARD = gnu17;
				GCC_NO_COMMON_BLOCKS = YES;
				GCC_WARN_64_TO_32_BIT_CONVERSION = YES;
				GCC_WARN_ABOUT_RETURN_TYPE = YES_ERROR;
				GCC_WARN_UNDECLARED_SELECTOR = YES;
				GCC_WARN_UNINITIALIZED_AUTOS = YES_AGGRESSIVE;
				GCC_WARN_UNUSED_FUNCTION = YES;
				GCC_WARN_UNUSED_VARIABLE = YES;
				IPHONEOS_DEPLOYMENT_TARGET = 17.2;
				LOCALIZATION_PREFERS_STRING_CATALOGS = YES;
				MTL_ENABLE_DEBUG_INFO = NO;
				MTL_FAST_MATH = YES;
				SDKROOT = iphoneos;
				SWIFT_COMPILATION_MODE = wholemodule;
				VALIDATE_PRODUCT = YES;
			};
			name = Release;
		};
		ED2036E22B38A0160022BD25 /* Debug */ = {
			isa = XCBuildConfiguration;
			buildSettings = {
				ASSETCATALOG_COMPILER_APPICON_NAME = AppIcon;
				ASSETCATALOG_COMPILER_GLOBAL_ACCENT_COLOR_NAME = AccentColor;
				CODE_SIGN_STYLE = Automatic;
				CURRENT_PROJECT_VERSION = 1;
				DEVELOPMENT_ASSET_PATHS = "\"h_task/Preview Content\"";
				DEVELOPMENT_TEAM = V5U2P47B4Y;
				ENABLE_PREVIEWS = YES;
				GENERATE_INFOPLIST_FILE = YES;
				INFOPLIST_KEY_UIApplicationSceneManifest_Generation = YES;
				INFOPLIST_KEY_UIApplicationSupportsIndirectInputEvents = YES;
				INFOPLIST_KEY_UILaunchScreen_Generation = YES;
				INFOPLIST_KEY_UISupportedInterfaceOrientations_iPad = "UIInterfaceOrientationPortrait UIInterfaceOrientationPortraitUpsideDown UIInterfaceOrientationLandscapeLeft UIInterfaceOrientationLandscapeRight";
				INFOPLIST_KEY_UISupportedInterfaceOrientations_iPhone = "UIInterfaceOrientationPortrait UIInterfaceOrientationLandscapeLeft UIInterfaceOrientationLandscapeRight";
				LD_RUNPATH_SEARCH_PATHS = (
					"$(inherited)",
					"@executable_path/Frameworks",
				);
				MARKETING_VERSION = 1.0;
				PRODUCT_BUNDLE_IDENTIFIER = "maxOS.h-task";
				PRODUCT_NAME = "$(TARGET_NAME)";
				SWIFT_EMIT_LOC_STRINGS = YES;
				SWIFT_VERSION = 5.0;
				TARGETED_DEVICE_FAMILY = "1,2";
			};
			name = Debug;
		};
		ED2036E32B38A0160022BD25 /* Release */ = {
			isa = XCBuildConfiguration;
			buildSettings = {
				ASSETCATALOG_COMPILER_APPICON_NAME = AppIcon;
				ASSETCATALOG_COMPILER_GLOBAL_ACCENT_COLOR_NAME = AccentColor;
				CODE_SIGN_STYLE = Automatic;
				CURRENT_PROJECT_VERSION = 1;
				DEVELOPMENT_ASSET_PATHS = "\"h_task/Preview Content\"";
				DEVELOPMENT_TEAM = V5U2P47B4Y;
				ENABLE_PREVIEWS = YES;
				GENERATE_INFOPLIST_FILE = YES;
				INFOPLIST_KEY_UIApplicationSceneManifest_Generation = YES;
				INFOPLIST_KEY_UIApplicationSupportsIndirectInputEvents = YES;
				INFOPLIST_KEY_UILaunchScreen_Generation = YES;
				INFOPLIST_KEY_UISupportedInterfaceOrientations_iPad = "UIInterfaceOrientationPortrait UIInterfaceOrientationPortraitUpsideDown UIInterfaceOrientationLandscapeLeft UIInterfaceOrientationLandscapeRight";
				INFOPLIST_KEY_UISupportedInterfaceOrientations_iPhone = "UIInterfaceOrientationPortrait UIInterfaceOrientationLandscapeLeft UIInterfaceOrientationLandscapeRight";
				LD_RUNPATH_SEARCH_PATHS = (
					"$(inherited)",
					"@executable_path/Frameworks",
				);
				MARKETING_VERSION = 1.0;
				PRODUCT_BUNDLE_IDENTIFIER = "maxOS.h-task";
				PRODUCT_NAME = "$(TARGET_NAME)";
				SWIFT_EMIT_LOC_STRINGS = YES;
				SWIFT_VERSION = 5.0;
				TARGETED_DEVICE_FAMILY = "1,2";
			};
			name = Release;
		};
/* End XCBuildConfiguration section */

/* Begin XCConfigurationList section */
		ED2036CE2B38A0130022BD25 /* Build configuration list for PBXProject "h_task" */ = {
			isa = XCConfigurationList;
			buildConfigurations = (
				ED2036DF2B38A0160022BD25 /* Debug */,
				ED2036E02B38A0160022BD25 /* Release */,
			);
			defaultConfigurationIsVisible = 0;
			defaultConfigurationName = Release;
		};
		ED2036E12B38A0160022BD25 /* Build configuration list for PBXNativeTarget "h_task" */ = {
			isa = XCConfigurationList;
			buildConfigurations = (
				ED2036E22B38A0160022BD25 /* Debug */,
				ED2036E32B38A0160022BD25 /* Release */,
			);
			defaultConfigurationIsVisible = 0;
			defaultConfigurationName = Release;
		};
/* End XCConfigurationList section */
	};
	rootObject = ED2036CB2B38A0130022BD25 /* Project object */;
}
